github.com/beorn7/perks v0.0.0-20180321164747-3a771d992973 h1:xJ4a3vCFaGF/jqvzLMYoU8P317H5OQ+Via4RmuPwCS0=
github.com/beorn7/perks v0.0.0-20180321164747-3a771d992973/go.mod h1:Dwedo/Wpr24TaqPxmxbtue+5NUziq4I4S80YR8gNf3Q=
github.com/davecgh/go-spew v1.1.1 h1:vj9j/u1bqnvCEfJOwUhtlOARqs3+rkHYY13jYWTU97c=
github.com/davecgh/go-spew v1.1.1/go.mod h1:J7Y8YcW2NihsgmVo/mv3lAwl/skON4iLHjSsI+c5H38=
github.com/gorilla/websocket v1.3.0 h1:r/LXc0VJIMd0rCMsc6DxgczaQtoCwCLatnfXmSYcXx8=
github.com/gorilla/websocket v1.3.0/go.mod h1:E7qHFY5m1UJ88s3WnNqhKjPHQ0heANvMoAMk2YaljkQ=
github.com/jpillora/backoff v0.0.0-20170918002102-8eab2debe79d h1:ix3WmphUvN0GDd0DO9MH0v6/5xTv+Xm1bPN+1UJn58k=
github.com/jpillora/backoff v0.0.0-20170918002102-8eab2debe79d/go.mod h1:2iMrUgbbvHEiQClaW2NsSzMyGHqN+rDFqY705q49KG0=
github.com/juju/ratelimit v1.0.1 h1:+7AIFJVQ0EQgq/K9+0Krm7m530Du7tIz0METWzN0RgY=
github.com/juju/ratelimit v1.0.1/go.mod h1:qapgC/Gy+xNh9UxzV13HGGl/6UXNN+ct+vwSgWNm/qk=
github.com/pmezard/go-difflib v1.0.0 h1:4DBwDE0NGyQoBHbLQYPwSUPoCMWR5BEzIk/f1lZbAQM=
github.com/pmezard/go-difflib v1.0.0/go.mod h1:iKH77koFhYxTK1pcRnkKkqfTogsbg7gZNVY4sRDYZ/4=
github.com/stretchr/testify v1.2.2 h1:bSDNvY7ZPG5RlJ8otE/7V6gMiyenm9RtJ7IUVIAoJ1w=
github.com/stretchr/testify v1.2.2/go.mod h1:a8OnRcib4nhh0OaRAV+Yts87kKdq0PP7pXfy6kDkUVs=
gopkg.in/tomb.v2 v2.0.0-20161208151619-d5d1b5820637 h1:yiW+nvdHb9LVqSHQBXfZCieqV4fzYhNBql77zY0ykqs=
gopkg.in/tomb.v2 v2.0.0-20161208151619-d5d1b5820637/go.mod h1:BHsqpu/nsuzkT5BpiH1EMZPLyqSMM8JbIavyFACoFNk=
